{
  "name": "arepas-burguer",
  "version": "1.0.0",
  "lockfileVersion": 3,
  "requires": true,
  "packages": {
    "": {
      "name": "arepas-burguer",
      "version": "1.0.0",
      "dependencies": {
        "next": "14.2.3",
        "react": "^18.2.0",
        "react-dom": "^18.2.0",
        "@prisma/client": "^6.14.0",
        "zod": "^3.23.8",
        "react-hook-form": "^7.51.5",
        "@hookform/resolvers": "^3.3.4"
      },
      "devDependencies": {
        "prisma": "^6.14.0",
        "typescript": "^5.3.3"
      }
    }
  },
  "dependencies": {
    "next": {
      "version": "14.2.3"
    },
    "react": {
      "version": "18.2.0"
    },
    "react-dom": {
      "version": "18.2.0"
    },
    "@prisma/client": {
      "version": "6.14.0"
    },
    "zod": {
      "version": "3.23.8"
    },
    "react-hook-form": {
      "version": "7.51.5"
    },
    "@hookform/resolvers": {
      "version": "3.3.4"
    },
    "prisma": {
      "version": "6.14.0",
      "dev": true
    },
    "typescript": {
      "version": "5.3.3",
      "dev": true
    }
  }
}