{
  "name": "arepas-burguer",
  "version": "1.0.0",
  "lockfileVersion": 3,
  "requires": true,
  "packages": {
    "": {
      "name": "arepas-burguer",
      "version": "1.0.0",
      "dependencies": {
        "next": "14.2.3",
        "react": "^18.2.0",
        "react-dom": "^18.2.0",
        "@prisma/client": "^6.14.0",
        "zod": "^3.23.8",
        "react-hook-form": "^7.51.5",
        "@hookform/resolvers": "^3.3.4",
        "swr": "^2.2.5",
        "qrcode": "^1.5.4"
      },
      "devDependencies": {
        "prisma": "^6.14.0",
        "typescript": "^5.3.3",
        "@types/qrcode": "^1.5.5",
        "tailwindcss": "^3.4.9",
        "postcss": "^8.4.41",
        "autoprefixer": "^10.4.20",
        "@types/react": "^18.3.5",
        "@types/react-dom": "^18.3.0",
        "@types/node": "^20.11.30"
      }
    }
  },
  "dependencies": {
    "next": {
      "version": "14.2.3"
    },
    "react": {
      "version": "18.2.0"
    },
    "react-dom": {
      "version": "18.2.0"
    },
    "@prisma/client": {
      "version": "6.14.0"
    },
    "zod": {
      "version": "3.23.8"
    },
    "react-hook-form": {
      "version": "7.51.5"
    },
    "@hookform/resolvers": {
      "version": "3.3.4"
    },
    "swr": {
      "version": "2.2.5"
    },
    "qrcode": {
      "version": "1.5.4"
    },
    "prisma": {
      "version": "6.14.0",
      "dev": true
    },
    "typescript": {
      "version": "5.3.3",
      "dev": true
    },
    "@types/qrcode": {
      "version": "1.5.5",
      "dev": true
    },
    "tailwindcss": {
      "version": "3.4.9",
      "dev": true
    },
    "postcss": {
      "version": "8.4.41",
      "dev": true
    },
    "autoprefixer": {
      "version": "10.4.20",
      "dev": true
    },
    "@types/react": {
      "version": "18.3.5",
      "dev": true
    },
    "@types/react-dom": {
      "version": "18.3.0",
      "dev": true
    },
    "@types/node": {
      "version": "20.11.30",
      "dev": true
    }
  }
}